<?xml version="1.0" encoding="utf-8"?>
<Project ToolsVersion="4.0" xmlns="http://schemas.microsoft.com/developer/msbuild/2003">
  <ItemGroup>
    <ClInclude Include="..\..\Testing\alloc_strat.h" />
    <ClInclude Include="..\..\Testing\base_domain.h" />
    <ClInclude Include="..\..\Testing\domains.h" />
    <ClInclude Include="..\..\Testing\env_maccro.h" />
    <ClInclude Include="..\..\Testing\Header.h" />
    <ClInclude Include="..\..\Testing\nq_allocator.h" />
    <ClInclude Include="..\..\Testing\nq_deleter.h" />
    <ClInclude Include="..\..\Testing\nq_deque.h" />
    <ClInclude Include="..\..\Testing\nq_forward_list.h" />
    <ClInclude Include="..\..\Testing\nq_list.h" />
    <ClInclude Include="..\..\Testing\nq_map.h" />
    <ClInclude Include="..\..\Testing\nq_multimap.h" />
    <ClInclude Include="..\..\Testing\nq_multiset.h" />
    <ClInclude Include="..\..\Testing\nq_new.h" />
    <ClInclude Include="..\..\Testing\nq_set.h" />
    <ClInclude Include="..\..\Testing\nq_shared.h" />
    <ClInclude Include="..\..\Testing\nq_unique.h" />
    <ClInclude Include="..\..\Testing\nq_unordered_map.h" />
    <ClInclude Include="..\..\Testing\nq_unordered_multimap.h" />
    <ClInclude Include="..\..\Testing\nq_unordered_multiset.h" />
    <ClInclude Include="..\..\Testing\nq_unordered_set.h" />
    <ClInclude Include="..\..\Testing\nq_vector.h" />
    <ClInclude Include="..\..\Testing\type_to_string.h" />
  </ItemGroup>
  <ItemGroup>
    <ClCompile Include="..\..\Testing\base_domain.cpp" />
    <ClCompile Include="..\..\Testing\basic_perf_test.cpp" />
    <ClCompile Include="..\..\Testing\main.cpp" />
    <ClCompile Include="..\..\Testing\nq_new.cpp" />
  </ItemGroup>
  <ItemGroup>
    <None Include="..\..\Testing\TODO" />
  </ItemGroup>
</Project>